{
  "pins" : [
    {
      "identity" : "bigint",
      "kind" : "remoteSourceControl",
      "location" : "https://github.com/attaswift/BigInt",
      "state" : {
        "revision" : "0ed110f7555c34ff468e72e1686e59721f2b0da6",
        "version" : "5.3.0"
      }
    },
    {
      "identity" : "cryptoswift",
      "kind" : "remoteSourceControl",
      "location" : "https://github.com/krzyzanowskim/CryptoSwift.git",
      "state" : {
        "revision" : "32f641cf24fc7abc1c591a2025e9f2f572648b0f",
        "version" : "1.7.2"
      }
    },
    {
      "identity" : "customauth-swift-sdk",
      "kind" : "remoteSourceControl",
      "location" : "https://github.com/torusresearch/customauth-swift-sdk/",
      "state" : {
        "branch" : "fix/error-notification-handler",
        "revision" : "0bb3753ccf94bc6483976f232d10fd4fae591d2b"
      }
    },
    {
      "identity" : "fetch-node-details-swift",
      "kind" : "remoteSourceControl",
      "location" : "https://github.com/torusresearch/fetch-node-details-swift.git",
      "state" : {
        "revision" : "94a0ee598abfcc2104ceeda80eecf4b55242ba62",
        "version" : "4.0.1"
      }
    },
    {
      "identity" : "generic-json-swift",
      "kind" : "remoteSourceControl",
      "location" : "https://github.com/zoul/generic-json-swift",
      "state" : {
        "revision" : "0a06575f4038b504e78ac330913d920f1630f510",
        "version" : "2.0.2"
      }
    },
    {
      "identity" : "jwtdecode.swift",
      "kind" : "remoteSourceControl",
      "location" : "https://github.com/auth0/JWTDecode.swift.git",
      "state" : {
        "revision" : "58af7278797871e460d79496621b3e5366b865b2",
        "version" : "3.1.0"
      }
    },
    {
      "identity" : "libtkey-pkg",
      "kind" : "remoteSourceControl",
      "location" : "https://github.com/torusresearch/libtkey-pkg/",
      "state" : {
        "revision" : "5ddc5ea6dea44cc84fa8d2aee7cb24cc3f5f9f49",
        "version" : "0.0.4"
      }
    },
    {
      "identity" : "secp256k1.swift",
      "kind" : "remoteSourceControl",
      "location" : "https://github.com/Boilertalk/secp256k1.swift",
      "state" : {
        "revision" : "cd187c632fb812fd93711a9f7e644adb7e5f97f0",
        "version" : "0.1.7"
      }
    },
    {
      "identity" : "torus-utils-swift",
      "kind" : "remoteSourceControl",
      "location" : "https://github.com/torusresearch/torus-utils-swift.git",
      "state" : {
        "revision" : "93823201f248ce15dab59c027790da4b73375aed",
        "version" : "5.0.0"
      }
    },
    {
      "identity" : "web3.swift",
      "kind" : "remoteSourceControl",
      "location" : "https://github.com/argentlabs/web3.swift",
      "state" : {
        "revision" : "0474eb5e883bc4800b3909833207a1d35e72b808",
        "version" : "0.9.3"
      }
    }
  ],
  "version" : 2
}
