PODS:
  - Auth0 (2.9.0):
    - JWTDecode (= 3.2.0)
    - SimpleKeychain (= 1.2.0)
  - auth0_flutter (1.1.0):
    - Auth0 (~> 2.3)
    - Flutter
  - BigInt (5.2.0)
  - curvelib.swift (1.0.1)
  - Flutter (1.0.0)
  - JWTDecode (3.2.0)
  - KeychainSwift (20.0.0)
  - SimpleKeychain (1.2.0)
  - single_factor_auth_flutter (0.0.1):
    - Flutter
    - SingleFactorAuth (= 8.0.0)
  - SingleFactorAuth (8.0.0):
    - curvelib.swift (~> 1.0.1)
    - Torus-fetchNodeDetails (~> 6.0.3)
    - Torus-utils (~> 9.0.1)
    - TorusSessionManager (~> 5.0.0)
  - Torus-fetchNodeDetails (6.0.3):
    - BigInt (~> 5.2.0)
  - Torus-utils (9.0.1):
    - curvelib.swift (~> 1.0.1)
    - Torus-fetchNodeDetails (~> 6.0.3)
  - TorusSessionManager (5.0.0):
    - curvelib.swift (~> 1.0.1)
    - KeychainSwift (~> 20.0.0)

DEPENDENCIES:
  - auth0_flutter (from `.symlinks/plugins/auth0_flutter/ios`)
  - Flutter (from `Flutter`)
  - single_factor_auth_flutter (from `.symlinks/plugins/single_factor_auth_flutter/ios`)

SPEC REPOS:
  trunk:
    - Auth0
    - BigInt
    - curvelib.swift
    - JWTDecode
    - KeychainSwift
    - SimpleKeychain
    - SingleFactorAuth
    - Torus-fetchNodeDetails
    - Torus-utils
    - TorusSessionManager

EXTERNAL SOURCES:
  auth0_flutter:
    :path: ".symlinks/plugins/auth0_flutter/ios"
  Flutter:
    :path: Flutter
  single_factor_auth_flutter:
    :path: ".symlinks/plugins/single_factor_auth_flutter/ios"

SPEC CHECKSUMS:
  Auth0: 6b2e6b418e7ee787442739d4f9ea58ce755e23d9
  auth0_flutter: 2db6426f2a0489ff64318a0d2602a54aa9eef796
  BigInt: f668a80089607f521586bbe29513d708491ef2f7
  curvelib.swift: d0746ae82bee34016c06da3567a97e493b3c979f
  Flutter: e0871f40cf51350855a761d2e70bf5af5b9b5de7
  JWTDecode: 7dae24cb9bf9b608eae61e5081029ec169bb5527
  KeychainSwift: 0ce6a4d13f7228054d1a71bb1b500448fb2ab837
  SimpleKeychain: 768cf43ae778b1c21816e94dddf01bb8ee96a075
  single_factor_auth_flutter: 9617e5ffce9c0251bddb19cbe49293f921c13b79
  SingleFactorAuth: 2bfa8ad0fe8d0023fffdf1a5f0c9634ca3ee66d8
  Torus-fetchNodeDetails: 6c349f47cbca36a4b3f276fe26d03c1b39b20949
  Torus-utils: 1d23e6eedf9ee7df9ecc2605b765ad68eb194f71
  TorusSessionManager: 42c21f100d895976fabe3806cb9c575392f6e424

PODFILE CHECKSUM: 56264e0dd12a31d6c8ce70118e2f08719327d55d

COCOAPODS: 1.15.2
