# Generated by pub
# See https://dart.dev/tools/pub/glossary#lockfile
packages:
  _flutterfire_internals:
    dependency: transitive
    description:
      name: _flutterfire_internals
      sha256: "1a52f1afae8ab7ac4741425114713bdbba802f1ce1e0648e167ffcc6e05e96cf"
      url: "https://pub.dev"
    source: hosted
    version: "1.3.21"
  async:
    dependency: transitive
    description:
      name: async
      sha256: "947bfcf187f74dbc5e146c9eb9c0f10c9f8b30743e341481c1e2ed3ecc18c20c"
      url: "https://pub.dev"
    source: hosted
    version: "2.11.0"
  bip39:
    dependency: transitive
    description:
      name: bip39
      sha256: de1ee27ebe7d96b84bb3a04a4132a0a3007dcdd5ad27dd14aa87a29d97c45edc
      url: "https://pub.dev"
    source: hosted
    version: "1.0.6"
  boolean_selector:
    dependency: transitive
    description:
      name: boolean_selector
      sha256: "6cfb5af12253eaf2b368f07bacc5a80d1301a071c73360d746b7f2e32d762c66"
      url: "https://pub.dev"
    source: hosted
    version: "2.1.1"
  borsh_annotation:
    dependency: transitive
    description:
      name: borsh_annotation
      sha256: "4a226cf8b7a165ecf8020c0c8d366b2728167fd102ef9b9e89d94d86f89ac57b"
      url: "https://pub.dev"
    source: hosted
    version: "0.3.1+5"
  characters:
    dependency: transitive
    description:
      name: characters
      sha256: "04a925763edad70e8443c99234dc3328f442e811f1d8fd1a72f1c8ad0f69a605"
      url: "https://pub.dev"
    source: hosted
    version: "1.3.0"
  clock:
    dependency: transitive
    description:
      name: clock
      sha256: cb6d7f03e1de671e34607e909a7213e31d7752be4fb66a86d29fe1eb14bfb5cf
      url: "https://pub.dev"
    source: hosted
    version: "1.1.1"
  collection:
    dependency: transitive
    description:
      name: collection
      sha256: ee67cb0715911d28db6bf4af1026078bd6f0128b07a5f66fb2ed94ec6783c09a
      url: "https://pub.dev"
    source: hosted
    version: "1.18.0"
  convert:
    dependency: transitive
    description:
      name: convert
      sha256: "0f08b14755d163f6e2134cb58222dd25ea2a2ee8a195e53983d57c075324d592"
      url: "https://pub.dev"
    source: hosted
    version: "3.1.1"
  crypto:
    dependency: transitive
    description:
      name: crypto
      sha256: ff625774173754681d66daaf4a448684fb04b78f902da9cb3d308c19cc5e8bab
      url: "https://pub.dev"
    source: hosted
    version: "3.0.3"
  cryptography:
    dependency: transitive
    description:
      name: cryptography
      sha256: d146b76d33d94548cf035233fbc2f4338c1242fa119013bead807d033fc4ae05
      url: "https://pub.dev"
    source: hosted
    version: "2.7.0"
  cupertino_icons:
    dependency: "direct main"
    description:
      name: cupertino_icons
      sha256: d57953e10f9f8327ce64a508a355f0b1ec902193f66288e8cb5070e7c47eeb2d
      url: "https://pub.dev"
    source: hosted
    version: "1.0.6"
  decimal:
    dependency: transitive
    description:
      name: decimal
      sha256: "24a261d5d5c87e86c7651c417a5dbdf8bcd7080dd592533910e8d0505a279f21"
      url: "https://pub.dev"
    source: hosted
    version: "2.3.3"
  ed25519_hd_key:
    dependency: transitive
    description:
      name: ed25519_hd_key
      sha256: c5c9f11a03f5789bf9dcd9ae88d641571c802640851f1cacdb13123f171b3a26
      url: "https://pub.dev"
    source: hosted
    version: "2.2.1"
  fake_async:
    dependency: transitive
    description:
      name: fake_async
      sha256: "511392330127add0b769b75a987850d136345d9227c6b94c96a04cf4a391bf78"
      url: "https://pub.dev"
    source: hosted
    version: "1.3.1"
  ffi:
    dependency: transitive
    description:
      name: ffi
      sha256: "7bf0adc28a23d395f19f3f1eb21dd7cfd1dd9f8e1c50051c069122e6853bc878"
      url: "https://pub.dev"
    source: hosted
    version: "2.1.0"
  firebase_auth:
    dependency: "direct main"
    description:
      name: firebase_auth
      sha256: "549f8ceb8cfc1920f85dea0ab73fb7dc209ee8182916b252eda342786c33369d"
      url: "https://pub.dev"
    source: hosted
    version: "4.17.4"
  firebase_auth_platform_interface:
    dependency: transitive
    description:
      name: firebase_auth_platform_interface
      sha256: "83bfc14649f673db17ad0bffaa0222019f99f3ddf499bcc8b46e1eb3443d3e08"
      url: "https://pub.dev"
    source: hosted
    version: "7.1.4"
  firebase_auth_web:
    dependency: transitive
    description:
      name: firebase_auth_web
      sha256: d2266452698dd5f6e522408dacfa06bb7f9703b5bdd11498fce2812ded50805b
      url: "https://pub.dev"
    source: hosted
    version: "5.9.4"
  firebase_core:
    dependency: "direct main"
    description:
      name: firebase_core
      sha256: "7e049e32a9d347616edb39542cf92cd53fdb4a99fb6af0a0bff327c14cd76445"
      url: "https://pub.dev"
    source: hosted
    version: "2.25.4"
  firebase_core_platform_interface:
    dependency: transitive
    description:
      name: firebase_core_platform_interface
      sha256: c437ae5d17e6b5cc7981cf6fd458a5db4d12979905f9aafd1fea930428a9fe63
      url: "https://pub.dev"
    source: hosted
    version: "5.0.0"
  firebase_core_web:
    dependency: transitive
    description:
      name: firebase_core_web
      sha256: "57e61d6010e253b36d38191cefd6199d7849152cdcd234b61ca290cdb278a0ba"
      url: "https://pub.dev"
    source: hosted
    version: "2.11.4"
  flutter:
    dependency: "direct main"
    description: flutter
    source: sdk
    version: "0.0.0"
  flutter_lints:
    dependency: "direct dev"
    description:
      name: flutter_lints
      sha256: a25a15ebbdfc33ab1cd26c63a6ee519df92338a9c10f122adda92938253bef04
      url: "https://pub.dev"
    source: hosted
    version: "2.0.3"
  flutter_test:
    dependency: "direct dev"
    description: flutter
    source: sdk
    version: "0.0.0"
  flutter_web_plugins:
    dependency: transitive
    description: flutter
    source: sdk
    version: "0.0.0"
  freezed_annotation:
    dependency: transitive
    description:
      name: freezed_annotation
      sha256: c3fd9336eb55a38cc1bbd79ab17573113a8deccd0ecbbf926cca3c62803b5c2d
      url: "https://pub.dev"
    source: hosted
    version: "2.4.1"
  get_it:
    dependency: "direct main"
    description:
      name: get_it
      sha256: e6017ce7fdeaf218dc51a100344d8cb70134b80e28b760f8bb23c242437bafd7
      url: "https://pub.dev"
    source: hosted
    version: "7.6.7"
  google_identity_services_web:
    dependency: transitive
    description:
      name: google_identity_services_web
      sha256: "0c56c2c5d60d6dfaf9725f5ad4699f04749fb196ee5a70487a46ef184837ccf6"
      url: "https://pub.dev"
    source: hosted
    version: "0.3.0+2"
  google_sign_in:
    dependency: "direct main"
    description:
      name: google_sign_in
      sha256: "0b8787cb9c1a68ad398e8010e8c8766bfa33556d2ab97c439fb4137756d7308f"
      url: "https://pub.dev"
    source: hosted
    version: "6.2.1"
  google_sign_in_android:
    dependency: transitive
    description:
      name: google_sign_in_android
      sha256: bfd42c81c30c6faba16e0f62968d5505a87504aaa672b3155ee931461abb0a49
      url: "https://pub.dev"
    source: hosted
    version: "6.1.21"
  google_sign_in_ios:
    dependency: transitive
    description:
      name: google_sign_in_ios
      sha256: a7d653803468d30b82ceb47ea00fe86d23c56e63eb2e5c2248bb68e9df203217
      url: "https://pub.dev"
    source: hosted
    version: "5.7.4"
  google_sign_in_platform_interface:
    dependency: transitive
    description:
      name: google_sign_in_platform_interface
      sha256: "1f6e5787d7a120cc0359ddf315c92309069171306242e181c09472d1b00a2971"
      url: "https://pub.dev"
    source: hosted
    version: "2.4.5"
  google_sign_in_web:
    dependency: transitive
    description:
      name: google_sign_in_web
      sha256: a278ea2d01013faf341cbb093da880d0f2a552bbd1cb6ee90b5bebac9ba69d77
      url: "https://pub.dev"
    source: hosted
    version: "0.12.3+2"
  hex:
    dependency: "direct main"
    description:
      name: hex
      sha256: "4e7cd54e4b59ba026432a6be2dd9d96e4c5205725194997193bf871703b82c4a"
      url: "https://pub.dev"
    source: hosted
    version: "0.2.0"
  http:
    dependency: transitive
    description:
      name: http
      sha256: a2bbf9d017fcced29139daa8ed2bba4ece450ab222871df93ca9eec6f80c34ba
      url: "https://pub.dev"
    source: hosted
    version: "1.2.0"
  http_parser:
    dependency: transitive
    description:
      name: http_parser
      sha256: "2aa08ce0341cc9b354a498388e30986515406668dbcc4f7c950c3e715496693b"
      url: "https://pub.dev"
    source: hosted
    version: "4.0.2"
  js:
    dependency: transitive
    description:
      name: js
      sha256: f2c445dce49627136094980615a031419f7f3eb393237e4ecd97ac15dea343f3
      url: "https://pub.dev"
    source: hosted
    version: "0.6.7"
  json_annotation:
    dependency: transitive
    description:
      name: json_annotation
      sha256: b10a7b2ff83d83c777edba3c6a0f97045ddadd56c944e1a23a3fdf43a1bf4467
      url: "https://pub.dev"
    source: hosted
    version: "4.8.1"
  leak_tracker:
    dependency: transitive
    description:
      name: leak_tracker
      sha256: "78eb209deea09858f5269f5a5b02be4049535f568c07b275096836f01ea323fa"
      url: "https://pub.dev"
    source: hosted
    version: "10.0.0"
  leak_tracker_flutter_testing:
    dependency: transitive
    description:
      name: leak_tracker_flutter_testing
      sha256: b46c5e37c19120a8a01918cfaf293547f47269f7cb4b0058f21531c2465d6ef0
      url: "https://pub.dev"
    source: hosted
    version: "2.0.1"
  leak_tracker_testing:
    dependency: transitive
    description:
      name: leak_tracker_testing
      sha256: a597f72a664dbd293f3bfc51f9ba69816f84dcd403cdac7066cb3f6003f3ab47
      url: "https://pub.dev"
    source: hosted
    version: "2.0.1"
  lints:
    dependency: transitive
    description:
      name: lints
      sha256: "0a217c6c989d21039f1498c3ed9f3ed71b354e69873f13a8dfc3c9fe76f1b452"
      url: "https://pub.dev"
    source: hosted
    version: "2.1.1"
  matcher:
    dependency: transitive
    description:
      name: matcher
      sha256: d2323aa2060500f906aa31a895b4030b6da3ebdcc5619d14ce1aada65cd161cb
      url: "https://pub.dev"
    source: hosted
    version: "0.12.16+1"
  material_color_utilities:
    dependency: transitive
    description:
      name: material_color_utilities
      sha256: "0e0a020085b65b6083975e499759762399b4475f766c21668c4ecca34ea74e5a"
      url: "https://pub.dev"
    source: hosted
    version: "0.8.0"
  meta:
    dependency: transitive
    description:
      name: meta
      sha256: d584fa6707a52763a52446f02cc621b077888fb63b93bbcb1143a7be5a0c0c04
      url: "https://pub.dev"
    source: hosted
    version: "1.11.0"
  path:
    dependency: transitive
    description:
      name: path
      sha256: "087ce49c3f0dc39180befefc60fdb4acd8f8620e5682fe2476afd0b3688bb4af"
      url: "https://pub.dev"
    source: hosted
    version: "1.9.0"
  pinenacl:
    dependency: transitive
    description:
      name: pinenacl
      sha256: "3a5503637587d635647c93ea9a8fecf48a420cc7deebe6f1fc85c2a5637ab327"
      url: "https://pub.dev"
    source: hosted
    version: "0.5.1"
  plugin_platform_interface:
    dependency: transitive
    description:
      name: plugin_platform_interface
      sha256: "4820fbfdb9478b1ebae27888254d445073732dae3d6ea81f0b7e06d5dedc3f02"
      url: "https://pub.dev"
    source: hosted
    version: "2.1.8"
  pointycastle:
    dependency: transitive
    description:
      name: pointycastle
      sha256: "43ac87de6e10afabc85c445745a7b799e04de84cebaa4fd7bf55a5e1e9604d29"
      url: "https://pub.dev"
    source: hosted
    version: "3.7.4"
  rational:
    dependency: transitive
    description:
      name: rational
      sha256: ba58e9e18df9abde280e8b10051e4bce85091e41e8e7e411b6cde2e738d357cf
      url: "https://pub.dev"
    source: hosted
    version: "2.2.2"
  single_factor_auth_flutter:
    dependency: "direct main"
    description:
      path: "."
      ref: HEAD
      resolved-ref: "4e11711612fbc16f946d436fbe38bf1a8a6f134b"
      url: "https://github.com/Web3Auth/single-factor-auth-flutter"
    source: git
    version: "2.0.0"
  sky_engine:
    dependency: transitive
    description: flutter
    source: sdk
    version: "0.0.99"
  solana:
    dependency: "direct main"
    description:
      name: solana
      sha256: "99a6a40a847f57ccf4687a730413d67fcaef4fc6778ddd9c3258e7fe8e4c6743"
      url: "https://pub.dev"
    source: hosted
    version: "0.30.3"
  source_span:
    dependency: transitive
    description:
      name: source_span
      sha256: "53e943d4206a5e30df338fd4c6e7a077e02254531b138a15aec3bd143c1a8b3c"
      url: "https://pub.dev"
    source: hosted
    version: "1.10.0"
  stack_trace:
    dependency: transitive
    description:
      name: stack_trace
      sha256: "73713990125a6d93122541237550ee3352a2d84baad52d375a4cad2eb9b7ce0b"
      url: "https://pub.dev"
    source: hosted
    version: "1.11.1"
  stream_channel:
    dependency: transitive
    description:
      name: stream_channel
      sha256: ba2aa5d8cc609d96bbb2899c28934f9e1af5cddbd60a827822ea467161eb54e7
      url: "https://pub.dev"
    source: hosted
    version: "2.1.2"
  string_scanner:
    dependency: transitive
    description:
      name: string_scanner
      sha256: "556692adab6cfa87322a115640c11f13cb77b3f076ddcc5d6ae3c20242bedcde"
      url: "https://pub.dev"
    source: hosted
    version: "1.2.0"
  term_glyph:
    dependency: transitive
    description:
      name: term_glyph
      sha256: a29248a84fbb7c79282b40b8c72a1209db169a2e0542bce341da992fe1bc7e84
      url: "https://pub.dev"
    source: hosted
    version: "1.2.1"
  test_api:
    dependency: transitive
    description:
      name: test_api
      sha256: "5c2f730018264d276c20e4f1503fd1308dfbbae39ec8ee63c5236311ac06954b"
      url: "https://pub.dev"
    source: hosted
    version: "0.6.1"
  typed_data:
    dependency: transitive
    description:
      name: typed_data
      sha256: facc8d6582f16042dd49f2463ff1bd6e2c9ef9f3d5da3d9b087e244a7b564b3c
      url: "https://pub.dev"
    source: hosted
    version: "1.3.2"
  vector_math:
    dependency: transitive
    description:
      name: vector_math
      sha256: "80b3257d1492ce4d091729e3a67a60407d227c27241d6927be0130c98e741803"
      url: "https://pub.dev"
    source: hosted
    version: "2.1.4"
  vm_service:
    dependency: transitive
    description:
      name: vm_service
      sha256: b3d56ff4341b8f182b96aceb2fa20e3dcb336b9f867bc0eafc0de10f1048e957
      url: "https://pub.dev"
    source: hosted
    version: "13.0.0"
  web:
    dependency: transitive
    description:
      name: web
      sha256: afe077240a270dcfd2aafe77602b4113645af95d0ad31128cc02bce5ac5d5152
      url: "https://pub.dev"
    source: hosted
    version: "0.3.0"
  web_socket_channel:
    dependency: transitive
    description:
      name: web_socket_channel
      sha256: d88238e5eac9a42bb43ca4e721edba3c08c6354d4a53063afaa568516217621b
      url: "https://pub.dev"
    source: hosted
    version: "2.4.0"
sdks:
  dart: ">=3.2.5 <4.0.0"
  flutter: ">=3.16.6"
