{
  "name": "node-app",
  "version": "0.0.1",
  "lockfileVersion": 3,
  "requires": true,
  "packages": {
    "": {
      "name": "node-app",
      "version": "0.0.1",
      "license": "ISC",
      "dependencies": {
        "@web3auth/node-sdk": "^2.0.1"
      }
    },
    "node_modules/@babel/runtime": {
      "version": "7.22.11",
      "resolved": "https://registry.npmjs.org/@babel/runtime/-/runtime-7.22.11.tgz",
      "integrity": "sha512-ee7jVNlWN09+KftVOu9n7S8gQzD/Z6hN/I8VBRXW4P1+Xe7kJGXMwu8vds4aGIMHZnNbdpSWCfZZtinytpcAvA==",
      "dependencies": {
        "regenerator-runtime": "^0.14.0"
      },
      "engines": {
        "node": ">=6.9.0"
      }
    },
    "node_modules/@ethereumjs/common": {
      "version": "3.2.0",
      "resolved": "https://registry.npmjs.org/@ethereumjs/common/-/common-3.2.0.tgz",
      "integrity": "sha512-pksvzI0VyLgmuEF2FA/JR/4/y6hcPq8OUail3/AvycBaW1d5VSauOZzqGvJ3RTmR4MU35lWE8KseKOsEhrFRBA==",
      "dependencies": {
        "@ethereumjs/util": "^8.1.0",
        "crc-32": "^1.2.0"
      }
    },
    "node_modules/@ethereumjs/rlp": {
      "version": "4.0.1",
      "resolved": "https://registry.npmjs.org/@ethereumjs/rlp/-/rlp-4.0.1.tgz",
      "integrity": "sha512-tqsQiBQDQdmPWE1xkkBq4rlSW5QZpLOUJ5RJh2/9fug+q9tnUhuZoVLk7s0scUIKTOzEtR72DFBXI4WiZcMpvw==",
      "bin": {
        "rlp": "bin/rlp"
      },
      "engines": {
        "node": ">=14"
      }
    },
    "node_modules/@ethereumjs/tx": {
      "version": "4.2.0",
      "resolved": "https://registry.npmjs.org/@ethereumjs/tx/-/tx-4.2.0.tgz",
      "integrity": "sha512-1nc6VO4jtFd172BbSnTnDQVr9IYBFl1y4xPzZdtkrkKIncBCkdbgfdRV+MiTkJYAtTxvV12GRZLqBFT1PNK6Yw==",
      "dependencies": {
        "@ethereumjs/common": "^3.2.0",
        "@ethereumjs/rlp": "^4.0.1",
        "@ethereumjs/util": "^8.1.0",
        "ethereum-cryptography": "^2.0.0"
      },
      "engines": {
        "node": ">=14"
      }
    },
    "node_modules/@ethereumjs/util": {
      "version": "8.1.0",
      "resolved": "https://registry.npmjs.org/@ethereumjs/util/-/util-8.1.0.tgz",
      "integrity": "sha512-zQ0IqbdX8FZ9aw11vP+dZkKDkS+kgIvQPHnSAXzP9pLu+Rfu3D3XEeLbicvoXJTYnhZiPmsZUxgdzXwNKxRPbA==",
      "dependencies": {
        "@ethereumjs/rlp": "^4.0.1",
        "ethereum-cryptography": "^2.0.0",
        "micro-ftch": "^0.3.1"
      },
      "engines": {
        "node": ">=14"
      }
    },
    "node_modules/@metamask/rpc-errors": {
      "version": "5.1.1",
      "resolved": "https://registry.npmjs.org/@metamask/rpc-errors/-/rpc-errors-5.1.1.tgz",
      "integrity": "sha512-JjZnDi2y2CfvbohhBl+FOQRzmFlJpybcQlIk37zEX8B96eVSPbH/T8S0p7cSF8IE33IWx6JkD8Ycsd+2TXFxCw==",
      "dependencies": {
        "@metamask/utils": "^5.0.0",
        "fast-safe-stringify": "^2.0.6"
      },
      "engines": {
        "node": ">=16.0.0"
      }
    },
    "node_modules/@metamask/utils": {
      "version": "5.0.2",
      "resolved": "https://registry.npmjs.org/@metamask/utils/-/utils-5.0.2.tgz",
      "integrity": "sha512-yfmE79bRQtnMzarnKfX7AEJBwFTxvTyw3nBQlu/5rmGXrjAeAMltoGxO62TFurxrQAFMNa/fEjIHNvungZp0+g==",
      "dependencies": {
        "@ethereumjs/tx": "^4.1.2",
        "@types/debug": "^4.1.7",
        "debug": "^4.3.4",
        "semver": "^7.3.8",
        "superstruct": "^1.0.3"
      },
      "engines": {
        "node": ">=14.0.0"
      }
    },
    "node_modules/@noble/curves": {
      "version": "1.1.0",
      "resolved": "https://registry.npmjs.org/@noble/curves/-/curves-1.1.0.tgz",
      "integrity": "sha512-091oBExgENk/kGj3AZmtBDMpxQPDtxQABR2B9lb1JbVTs6ytdzZNwvhxQ4MWasRNEzlbEH8jCWFCwhF/Obj5AA==",
      "dependencies": {
        "@noble/hashes": "1.3.1"
      },
      "funding": {
        "url": "https://paulmillr.com/funding/"
      }
    },
    "node_modules/@noble/hashes": {
      "version": "1.3.1",
      "resolved": "https://registry.npmjs.org/@noble/hashes/-/hashes-1.3.1.tgz",
      "integrity": "sha512-EbqwksQwz9xDRGfDST86whPBgM65E0OH/pCgqW0GBVzO22bNE+NuIbeTb714+IfSjU3aRk47EUvXIb5bTsenKA==",
      "engines": {
        "node": ">= 16"
      },
      "funding": {
        "url": "https://paulmillr.com/funding/"
      }
    },
    "node_modules/@scure/base": {
      "version": "1.1.3",
      "resolved": "https://registry.npmjs.org/@scure/base/-/base-1.1.3.tgz",
      "integrity": "sha512-/+SgoRjLq7Xlf0CWuLHq2LUZeL/w65kfzAPG5NH9pcmBhs+nunQTn4gvdwgMTIXnt9b2C/1SeL2XiysZEyIC9Q==",
      "funding": {
        "url": "https://paulmillr.com/funding/"
      }
    },
    "node_modules/@scure/bip32": {
      "version": "1.3.1",
      "resolved": "https://registry.npmjs.org/@scure/bip32/-/bip32-1.3.1.tgz",
      "integrity": "sha512-osvveYtyzdEVbt3OfwwXFr4P2iVBL5u1Q3q4ONBfDY/UpOuXmOlbgwc1xECEboY8wIays8Yt6onaWMUdUbfl0A==",
      "dependencies": {
        "@noble/curves": "~1.1.0",
        "@noble/hashes": "~1.3.1",
        "@scure/base": "~1.1.0"
      },
      "funding": {
        "url": "https://paulmillr.com/funding/"
      }
    },
    "node_modules/@scure/bip39": {
      "version": "1.2.1",
      "resolved": "https://registry.npmjs.org/@scure/bip39/-/bip39-1.2.1.tgz",
      "integrity": "sha512-Z3/Fsz1yr904dduJD0NpiyRHhRYHdcnyh73FZWiV+/qhWi83wNJ3NWolYqCEN+ZWsUz2TWwajJggcRE9r1zUYg==",
      "dependencies": {
        "@noble/hashes": "~1.3.0",
        "@scure/base": "~1.1.0"
      },
      "funding": {
        "url": "https://paulmillr.com/funding/"
      }
    },
    "node_modules/@socket.io/component-emitter": {
      "version": "3.1.0",
      "resolved": "https://registry.npmjs.org/@socket.io/component-emitter/-/component-emitter-3.1.0.tgz",
      "integrity": "sha512-+9jVqKhRSpsc591z5vX+X5Yyw+he/HCB4iQ/RYxw35CEPaY1gnsNE43nf9n9AaYjAQrTiI/mOwKUKdUs9vf7Xg=="
    },
    "node_modules/@toruslabs/base-controllers": {
      "version": "3.2.0",
      "resolved": "https://registry.npmjs.org/@toruslabs/base-controllers/-/base-controllers-3.2.0.tgz",
      "integrity": "sha512-CNlXJh1zZV3+o9Z/H9/KAbmyNmDULnfNebUxL/qQmMJL50VI9s55xSaNkXsE7X9QxPM41GGsTR6doPLoDEMwpg==",
      "dependencies": {
        "@ethereumjs/util": "^8.0.6",
        "@metamask/rpc-errors": "^5.1.1",
        "@toruslabs/broadcast-channel": "^7.0.0",
        "@toruslabs/http-helpers": "^4.0.0",
        "@toruslabs/openlogin-jrpc": "^4.6.0",
        "async-mutex": "^0.4.0",
        "bignumber.js": "^9.1.1",
        "bowser": "^2.11.0",
        "lodash": "^4.17.21",
        "loglevel": "^1.8.1"
      },
      "engines": {
        "node": ">=16.18.1",
        "npm": ">=8.x"
      },
      "peerDependencies": {
        "@babel/runtime": "7.x"
      }
    },
    "node_modules/@toruslabs/base-session-manager": {
      "version": "1.1.0",
      "resolved": "https://registry.npmjs.org/@toruslabs/base-session-manager/-/base-session-manager-1.1.0.tgz",
      "integrity": "sha512-CcP8/4U7fq4jrHit8iTbCCWWXSP8rK3x9Pyk2qVXyMsrdzsWV6w5oTTbmggG9Cg8dBgYHrW5M8ITJr9oiiSqmg==",
      "dependencies": {
        "@toruslabs/http-helpers": "^4.0.0"
      },
      "engines": {
        "node": ">=16.18.1",
        "npm": ">=8.x"
      },
      "peerDependencies": {
        "@babel/runtime": "7.x"
      }
    },
    "node_modules/@toruslabs/broadcast-channel": {
      "version": "7.0.0",
      "resolved": "https://registry.npmjs.org/@toruslabs/broadcast-channel/-/broadcast-channel-7.0.0.tgz",
      "integrity": "sha512-lyt2Els735qUXczPk743aHbIXZn+TeK/7YqKpUrY+xTyvXs9JyE6RahW+EY4yU90KAJx8+N9ZXZlcJP617T4bg==",
      "dependencies": {
        "@babel/runtime": "^7.21.5",
        "@toruslabs/eccrypto": "^3.0.0",
        "@toruslabs/metadata-helpers": "^4.0.0",
        "bowser": "^2.11.0",
        "loglevel": "^1.8.1",
        "oblivious-set": "1.1.1",
        "socket.io-client": "^4.6.1",
        "unload": "^2.4.1"
      }
    },
    "node_modules/@toruslabs/constants": {
      "version": "10.0.0",
      "resolved": "https://registry.npmjs.org/@toruslabs/constants/-/constants-10.0.0.tgz",
      "integrity": "sha512-a5HJ8R/Z7cstIqY8qsXZvSVq6zlVSpkxTIOxiU808Qc8kehi9Uzg2B6HCaXSlPFhEKIhOwvEXDltfNkTtCdy9g==",
      "engines": {
        "node": ">=16.18.1",
        "npm": ">=8.x"
      },
      "peerDependencies": {
        "@babel/runtime": "7.x"
      }
    },
    "node_modules/@toruslabs/eccrypto": {
      "version": "3.0.0",
      "resolved": "https://registry.npmjs.org/@toruslabs/eccrypto/-/eccrypto-3.0.0.tgz",
      "integrity": "sha512-+lFjV+0FZ3S4zH5T/Gnc795HoqpzLLDW28fSkibZRlx1Nx8uwbl3pyJSfya0C0bRHH1/+NTeBogUDijaRJ1NCw==",
      "dependencies": {
        "elliptic": "^6.5.4"
      },
      "engines": {
        "node": ">=16.18.1",
        "npm": ">=8.x"
      }
    },
    "node_modules/@toruslabs/fetch-node-details": {
      "version": "10.0.0",
      "resolved": "https://registry.npmjs.org/@toruslabs/fetch-node-details/-/fetch-node-details-10.0.0.tgz",
      "integrity": "sha512-Nf5sRHtU51EmGQjrYk2IpSkROqw0P/i5UUY2qOj16iToiBpgZAU1QR5LbQbaBguQpGyXB6FbNqeXttaXCms2+g==",
      "dependencies": {
        "@toruslabs/constants": "^10.0.0",
        "@toruslabs/fnd-base": "^10.0.0",
        "@toruslabs/http-helpers": "^4.0.0",
        "loglevel": "^1.8.1"
      },
      "engines": {
        "node": ">=16.18.1",
        "npm": ">=8.x"
      },
      "peerDependencies": {
        "@babel/runtime": "7.x"
      }
    },
    "node_modules/@toruslabs/ffjavascript": {
      "version": "1.0.0",
      "resolved": "https://registry.npmjs.org/@toruslabs/ffjavascript/-/ffjavascript-1.0.0.tgz",
      "integrity": "sha512-oOwRG1ZjOmCxmg8kz1HnLML3RB4fNbSaxKuTjFC3Mtg11mXIDhsAoYzBdZW6WOcoKpr4JkV6i9Qv+YPuNIo+Ag==",
      "engines": {
        "node": ">=16.18.1",
        "npm": ">=8.x"
      }
    },
    "node_modules/@toruslabs/fnd-base": {
      "version": "10.0.0",
      "resolved": "https://registry.npmjs.org/@toruslabs/fnd-base/-/fnd-base-10.0.0.tgz",
      "integrity": "sha512-MEFpTQVNpwMVfDsHka04oazfXU+8UlPQ3IvkWzRT9LScJCCM9TKThyjMUAJ0npVBnWBcvVLNpEdiQYk2B+Tfqw==",
      "dependencies": {
        "@toruslabs/constants": "^10.0.0"
      },
      "engines": {
        "node": ">=16.18.1",
        "npm": ">=8.x"
      },
      "peerDependencies": {
        "@babel/runtime": "7.x"
      }
    },
    "node_modules/@toruslabs/http-helpers": {
      "version": "4.0.0",
      "resolved": "https://registry.npmjs.org/@toruslabs/http-helpers/-/http-helpers-4.0.0.tgz",
      "integrity": "sha512-ef/Svevk54JANOn3Kf6UPf8X/vZlYHrusNFt8VV/LLahhVNXCXEcO8goC1bHkecu/u20CUyo9HJa0pn8fHh1sg==",
      "dependencies": {
        "lodash.merge": "^4.6.2",
        "loglevel": "^1.8.1"
      },
      "engines": {
        "node": ">=16.18.1",
        "npm": ">=8.x"
      },
      "peerDependencies": {
        "@babel/runtime": "^7.x",
        "@sentry/types": "^7.x"
      },
      "peerDependenciesMeta": {
        "@sentry/types": {
          "optional": true
        }
      }
    },
    "node_modules/@toruslabs/metadata-helpers": {
      "version": "4.0.1",
      "resolved": "https://registry.npmjs.org/@toruslabs/metadata-helpers/-/metadata-helpers-4.0.1.tgz",
      "integrity": "sha512-0DFPxaNqmuVwFaEddl94dR/rpin5X+Odl1HR8cnzcrbzjLrOuKkGOdWtB6gnIqCUD6onMFO3156crgbHvagrLg==",
      "dependencies": {
        "@toruslabs/eccrypto": "^3.0.0",
        "@toruslabs/http-helpers": "^4.0.0",
        "elliptic": "^6.5.4",
        "ethereum-cryptography": "^2.1.2",
        "json-stable-stringify": "^1.0.2"
      },
      "engines": {
        "node": ">=16.18.1",
        "npm": ">=8.x"
      },
      "peerDependencies": {
        "@babel/runtime": "7.x"
      }
    },
    "node_modules/@toruslabs/openlogin": {
      "version": "4.7.2",
      "resolved": "https://registry.npmjs.org/@toruslabs/openlogin/-/openlogin-4.7.2.tgz",
      "integrity": "sha512-xeGMPe6B1Cx9MbvKmOTOS7K2WnK9n6VfzwpnwqYBa75/7xhivO/F9KrnOX/QV2C+EVZ1h0idoQSn5pzDHdzECw==",
      "dependencies": {
        "@toruslabs/broadcast-channel": "^7.0.0",
        "@toruslabs/eccrypto": "^3.0.0",
        "@toruslabs/metadata-helpers": "^4.0.1",
        "@toruslabs/openlogin-session-manager": "^1.1.0",
        "@toruslabs/openlogin-utils": "^4.7.0",
        "bowser": "^2.11.0",
        "events": "^3.3.0",
        "loglevel": "^1.8.1",
        "ts-custom-error": "^3.3.1"
      },
      "engines": {
        "node": ">=16.18.1",
        "npm": ">=8.x"
      },
      "peerDependencies": {
        "@babel/runtime": "7.x"
      }
    },
    "node_modules/@toruslabs/openlogin-jrpc": {
      "version": "4.7.2",
      "resolved": "https://registry.npmjs.org/@toruslabs/openlogin-jrpc/-/openlogin-jrpc-4.7.2.tgz",
      "integrity": "sha512-9Eb0cPc0lPuS6v2YkQlgzfbRnZ6fLez9Ike5wznoHSFA2/JVu1onwuI56EV1HwswdDrOWPPQEyzI1j9NriZ0ew==",
      "dependencies": {
        "@metamask/rpc-errors": "^5.1.1",
        "@toruslabs/openlogin-utils": "^4.7.0",
        "end-of-stream": "^1.4.4",
        "events": "^3.3.0",
        "fast-safe-stringify": "^2.1.1",
        "once": "^1.4.0",
        "pump": "^3.0.0",
        "readable-stream": "^4.4.2"
      },
      "engines": {
        "node": ">=16.18.1",
        "npm": ">=8.x"
      },
      "peerDependencies": {
        "@babel/runtime": "7.x"
      }
    },
    "node_modules/@toruslabs/openlogin-session-manager": {
      "version": "1.1.0",
      "resolved": "https://registry.npmjs.org/@toruslabs/openlogin-session-manager/-/openlogin-session-manager-1.1.0.tgz",
      "integrity": "sha512-S4Wad1VRrfcCVvJ/vRAPOUuwOa1h7N/QZIvd/NgJe5o29YgEFxF2pHw+ZaPFMNjyvPJiX+hUEl548qbEkY9NsQ==",
      "dependencies": {
        "@toruslabs/base-session-manager": "^1.1.0",
        "@toruslabs/eccrypto": "^3.0.0",
        "@toruslabs/metadata-helpers": "4.0.0"
      },
      "engines": {
        "node": ">=16.18.1",
        "npm": ">=8.x"
      },
      "peerDependencies": {
        "@babel/runtime": "7.x"
      }
    },
    "node_modules/@toruslabs/openlogin-session-manager/node_modules/@toruslabs/metadata-helpers": {
      "version": "4.0.0",
      "resolved": "https://registry.npmjs.org/@toruslabs/metadata-helpers/-/metadata-helpers-4.0.0.tgz",
      "integrity": "sha512-E8wDP9YaeT/Aciq36fLiwykQ1++pKW9AtRa+OMxT+BQWUIDpayI1K/uTwTWsjob6sLpjIHpJMQ66o7s2z54NNQ==",
      "dependencies": {
        "@toruslabs/eccrypto": "^3.0.0",
        "@toruslabs/http-helpers": "^4.0.0",
        "elliptic": "^6.5.4",
        "ethereum-cryptography": "^2.0.0",
        "json-stable-stringify": "^1.0.2"
      },
      "engines": {
        "node": ">=16.18.1",
        "npm": ">=8.x"
      },
      "peerDependencies": {
        "@babel/runtime": "7.x"
      }
    },
    "node_modules/@toruslabs/openlogin-subkey": {
      "version": "4.7.2",
      "resolved": "https://registry.npmjs.org/@toruslabs/openlogin-subkey/-/openlogin-subkey-4.7.2.tgz",
      "integrity": "sha512-TKXsAJlFL221GZCK0cRUb8SmQB9cHexm02/sWSxWsUVVVECvW880NPIsIdwhzfAXPCJo9E2qEjc0B4aHtNKOcQ==",
      "dependencies": {
        "@toruslabs/ffjavascript": "^1.0.0",
        "@toruslabs/metadata-helpers": "^4.0.1",
        "bn.js": "^5.2.1"
      },
      "engines": {
        "node": ">=16.18.1",
        "npm": ">=8.x"
      },
      "peerDependencies": {
        "@babel/runtime": "7.x",
        "@types/bn.js": "^5.1.1"
      }
    },
    "node_modules/@toruslabs/openlogin-utils": {
      "version": "4.7.0",
      "resolved": "https://registry.npmjs.org/@toruslabs/openlogin-utils/-/openlogin-utils-4.7.0.tgz",
      "integrity": "sha512-w6XkHs4WKuufsf/zzteBzs4EJuOknrUmJ+iv5FZ8HzIpMQeL/984CP8HYaFSEYkbGCP4ydAnhY4Uh0QAhpDbPg==",
      "dependencies": {
        "base64url": "^3.0.1"
      },
      "engines": {
        "node": ">=16.18.1",
        "npm": ">=8.x"
      },
      "peerDependencies": {
        "@babel/runtime": "7.x"
      }
    },
    "node_modules/@toruslabs/torus.js": {
      "version": "8.0.1",
      "resolved": "https://registry.npmjs.org/@toruslabs/torus.js/-/torus.js-8.0.1.tgz",
      "integrity": "sha512-RGQzxahHn1pRgtwl3Hs1Qi8/taMxIS08v1Avfog03zffOQV7qxkVk/IQj+scrZXMLLdamVD/gwPAKyB+5WWjxQ==",
      "deprecated": "Not supported. Pls upgrade",
      "dependencies": {
        "@toruslabs/constants": "^10.0.0",
        "@toruslabs/eccrypto": "^3.0.0",
        "@toruslabs/http-helpers": "^4.0.0",
        "bn.js": "^5.2.1",
        "elliptic": "^6.5.4",
        "ethereum-cryptography": "^2.0.0",
        "json-stable-stringify": "^1.0.2",
        "loglevel": "^1.8.1"
      },
      "engines": {
        "node": ">=16.18.1",
        "npm": ">=8.x"
      },
      "peerDependencies": {
        "@babel/runtime": "7.x"
      }
    },
    "node_modules/@types/bn.js": {
      "version": "5.1.1",
      "resolved": "https://registry.npmjs.org/@types/bn.js/-/bn.js-5.1.1.tgz",
      "integrity": "sha512-qNrYbZqMx0uJAfKnKclPh+dTwK33KfLHYqtyODwd5HnXOjnkhc4qgn3BrK6RWyGZm5+sIFE7Q7Vz6QQtJB7w7g==",
      "peer": true,
      "dependencies": {
        "@types/node": "*"
      }
    },
    "node_modules/@types/debug": {
      "version": "4.1.8",
      "resolved": "https://registry.npmjs.org/@types/debug/-/debug-4.1.8.tgz",
      "integrity": "sha512-/vPO1EPOs306Cvhwv7KfVfYvOJqA/S/AXjaHQiJboCZzcNDb+TIJFN9/2C9DZ//ijSKWioNyUxD792QmDJ+HKQ==",
      "dependencies": {
        "@types/ms": "*"
      }
    },
    "node_modules/@types/ms": {
      "version": "0.7.31",
      "resolved": "https://registry.npmjs.org/@types/ms/-/ms-0.7.31.tgz",
      "integrity": "sha512-iiUgKzV9AuaEkZqkOLDIvlQiL6ltuZd9tGcW3gwpnX8JbuiuhFlEGmmFXEXkN50Cvq7Os88IY2v0dkDqXYWVgA=="
    },
    "node_modules/@types/node": {
      "version": "20.5.9",
      "resolved": "https://registry.npmjs.org/@types/node/-/node-20.5.9.tgz",
      "integrity": "sha512-PcGNd//40kHAS3sTlzKB9C9XL4K0sTup8nbG5lC14kzEteTNuAFh9u5nA0o5TWnSG2r/JNPRXFVcHJIIeRlmqQ==",
      "peer": true
    },
    "node_modules/@web3auth/base": {
      "version": "6.1.7",
      "resolved": "https://registry.npmjs.org/@web3auth/base/-/base-6.1.7.tgz",
      "integrity": "sha512-0RrIgC1HFB4U/85QWf31oAUm+5+7ZOlSPMQuLIZ0nYEKgNY/jCAQuZVumOjBaH4lVz0ScuHltrBDE8odlmViCQ==",
      "dependencies": {
        "@toruslabs/http-helpers": "^4.0.0",
        "@toruslabs/openlogin": "^4.7.2",
        "@toruslabs/openlogin-jrpc": "^4.7.2",
        "@toruslabs/openlogin-utils": "^4.7.0",
        "jwt-decode": "^3.1.2",
        "loglevel": "^1.8.1",
        "ts-custom-error": "^3.3.1"
      },
      "engines": {
        "node": ">=16.18.1",
        "npm": ">=8.x"
      },
      "peerDependencies": {
        "@babel/runtime": "^7.x"
      }
    },
    "node_modules/@web3auth/base-provider": {
      "version": "6.1.7",
      "resolved": "https://registry.npmjs.org/@web3auth/base-provider/-/base-provider-6.1.7.tgz",
      "integrity": "sha512-h/nQ2UfWkv8rGaA/rvIyJ2pmoI6bkbo6gfA23u8c2MrmniKV7mn5aGSemZdwvxMV00+abbUWtYQtu/9fRZO9Ew==",
      "dependencies": {
        "@toruslabs/base-controllers": "^3.1.0",
        "@toruslabs/openlogin-jrpc": "^4.7.2",
        "@web3auth/base": "^6.1.7",
        "eth-rpc-errors": "^4.0.3",
        "json-rpc-random-id": "^1.0.1"
      },
      "engines": {
        "node": ">=16.18.1",
        "npm": ">=8.x"
      },
      "peerDependencies": {
        "@babel/runtime": "7.x"
      }
    },
    "node_modules/@web3auth/node-sdk": {
      "version": "2.0.1",
      "resolved": "https://registry.npmjs.org/@web3auth/node-sdk/-/node-sdk-2.0.1.tgz",
      "integrity": "sha512-/1RdbgfyyQFvTA7aA9bP5E2hDDPVOT55sUm/Ht7VzPPMi2zHnhjUpJQWuE7xtDFFvI2Y7a/4sJ7dTWbiUcfw3w==",
      "dependencies": {
        "@toruslabs/constants": "^10.0.0",
        "@toruslabs/fetch-node-details": "^10.0.0",
        "@toruslabs/metadata-helpers": "^4.0.0",
        "@toruslabs/openlogin-subkey": "^4.2.0",
        "@toruslabs/torus.js": "^8.0.0",
        "@web3auth/base": "^6.1.1",
        "@web3auth/base-provider": "^6.1.1",
        "node-fetch": "^2.6.7"
      },
      "engines": {
        "node": ">=16.18.1",
        "npm": ">=8.x"
      }
    },
    "node_modules/abort-controller": {
      "version": "3.0.0",
      "resolved": "https://registry.npmjs.org/abort-controller/-/abort-controller-3.0.0.tgz",
      "integrity": "sha512-h8lQ8tacZYnR3vNQTgibj+tODHI5/+l06Au2Pcriv/Gmet0eaj4TwWH41sO9wnHDiQsEj19q0drzdWdeAHtweg==",
      "dependencies": {
        "event-target-shim": "^5.0.0"
      },
      "engines": {
        "node": ">=6.5"
      }
    },
    "node_modules/async-mutex": {
      "version": "0.4.0",
      "resolved": "https://registry.npmjs.org/async-mutex/-/async-mutex-0.4.0.tgz",
      "integrity": "sha512-eJFZ1YhRR8UN8eBLoNzcDPcy/jqjsg6I1AP+KvWQX80BqOSW1oJPJXDylPUEeMr2ZQvHgnQ//Lp6f3RQ1zI7HA==",
      "dependencies": {
        "tslib": "^2.4.0"
      }
    },
    "node_modules/base64-js": {
      "version": "1.5.1",
      "resolved": "https://registry.npmjs.org/base64-js/-/base64-js-1.5.1.tgz",
      "integrity": "sha512-AKpaYlHn8t4SVbOHCy+b5+KKgvR4vrsD8vbvrbiQJps7fKDTkjkDry6ji0rUJjC0kzbNePLwzxq8iypo41qeWA==",
      "funding": [
        {
          "type": "github",
          "url": "https://github.com/sponsors/feross"
        },
        {
          "type": "patreon",
          "url": "https://www.patreon.com/feross"
        },
        {
          "type": "consulting",
          "url": "https://feross.org/support"
        }
      ]
    },
    "node_modules/base64url": {
      "version": "3.0.1",
      "resolved": "https://registry.npmjs.org/base64url/-/base64url-3.0.1.tgz",
      "integrity": "sha512-ir1UPr3dkwexU7FdV8qBBbNDRUhMmIekYMFZfi+C/sLNnRESKPl23nB9b2pltqfOQNnGzsDdId90AEtG5tCx4A==",
      "engines": {
        "node": ">=6.0.0"
      }
    },
    "node_modules/bignumber.js": {
      "version": "9.1.2",
      "resolved": "https://registry.npmjs.org/bignumber.js/-/bignumber.js-9.1.2.tgz",
      "integrity": "sha512-2/mKyZH9K85bzOEfhXDBFZTGd1CTs+5IHpeFQo9luiBG7hghdC851Pj2WAhb6E3R6b9tZj/XKhbg4fum+Kepug==",
      "engines": {
        "node": "*"
      }
    },
    "node_modules/bn.js": {
      "version": "5.2.1",
      "resolved": "https://registry.npmjs.org/bn.js/-/bn.js-5.2.1.tgz",
      "integrity": "sha512-eXRvHzWyYPBuB4NBy0cmYQjGitUrtqwbvlzP3G6VFnNRbsZQIxQ10PbKKHt8gZ/HW/D/747aDl+QkDqg3KQLMQ=="
    },
    "node_modules/bowser": {
      "version": "2.11.0",
      "resolved": "https://registry.npmjs.org/bowser/-/bowser-2.11.0.tgz",
      "integrity": "sha512-AlcaJBi/pqqJBIQ8U9Mcpc9i8Aqxn88Skv5d+xBX006BY5u8N3mGLHa5Lgppa7L/HfwgwLgZ6NYs+Ag6uUmJRA=="
    },
    "node_modules/brorand": {
      "version": "1.1.0",
      "resolved": "https://registry.npmjs.org/brorand/-/brorand-1.1.0.tgz",
      "integrity": "sha512-cKV8tMCEpQs4hK/ik71d6LrPOnpkpGBR0wzxqr68g2m/LB2GxVYQroAjMJZRVM1Y4BCjCKc3vAamxSzOY2RP+w=="
    },
    "node_modules/buffer": {
      "version": "6.0.3",
      "resolved": "https://registry.npmjs.org/buffer/-/buffer-6.0.3.tgz",
      "integrity": "sha512-FTiCpNxtwiZZHEZbcbTIcZjERVICn9yq/pDFkTl95/AxzD1naBctN7YO68riM/gLSDY7sdrMby8hofADYuuqOA==",
      "funding": [
        {
          "type": "github",
          "url": "https://github.com/sponsors/feross"
        },
        {
          "type": "patreon",
          "url": "https://www.patreon.com/feross"
        },
        {
          "type": "consulting",
          "url": "https://feross.org/support"
        }
      ],
      "dependencies": {
        "base64-js": "^1.3.1",
        "ieee754": "^1.2.1"
      }
    },
    "node_modules/crc-32": {
      "version": "1.2.2",
      "resolved": "https://registry.npmjs.org/crc-32/-/crc-32-1.2.2.tgz",
      "integrity": "sha512-ROmzCKrTnOwybPcJApAA6WBWij23HVfGVNKqqrZpuyZOHqK2CwHSvpGuyt/UNNvaIjEd8X5IFGp4Mh+Ie1IHJQ==",
      "bin": {
        "crc32": "bin/crc32.njs"
      },
      "engines": {
        "node": ">=0.8"
      }
    },
    "node_modules/debug": {
      "version": "4.3.4",
      "resolved": "https://registry.npmjs.org/debug/-/debug-4.3.4.tgz",
      "integrity": "sha512-PRWFHuSU3eDtQJPvnNY7Jcket1j0t5OuOsFzPPzsekD52Zl8qUfFIPEiswXqIvHWGVHOgX+7G/vCNNhehwxfkQ==",
      "dependencies": {
        "ms": "2.1.2"
      },
      "engines": {
        "node": ">=6.0"
      },
      "peerDependenciesMeta": {
        "supports-color": {
          "optional": true
        }
      }
    },
    "node_modules/elliptic": {
      "version": "6.5.4",
      "resolved": "https://registry.npmjs.org/elliptic/-/elliptic-6.5.4.tgz",
      "integrity": "sha512-iLhC6ULemrljPZb+QutR5TQGB+pdW6KGD5RSegS+8sorOZT+rdQFbsQFJgvN3eRqNALqJer4oQ16YvJHlU8hzQ==",
      "dependencies": {
        "bn.js": "^4.11.9",
        "brorand": "^1.1.0",
        "hash.js": "^1.0.0",
        "hmac-drbg": "^1.0.1",
        "inherits": "^2.0.4",
        "minimalistic-assert": "^1.0.1",
        "minimalistic-crypto-utils": "^1.0.1"
      }
    },
    "node_modules/elliptic/node_modules/bn.js": {
      "version": "4.12.0",
      "resolved": "https://registry.npmjs.org/bn.js/-/bn.js-4.12.0.tgz",
      "integrity": "sha512-c98Bf3tPniI+scsdk237ku1Dc3ujXQTSgyiPUDEOe7tRkhrqridvh8klBv0HCEso1OLOYcHuCv/cS6DNxKH+ZA=="
    },
    "node_modules/end-of-stream": {
      "version": "1.4.4",
      "resolved": "https://registry.npmjs.org/end-of-stream/-/end-of-stream-1.4.4.tgz",
      "integrity": "sha512-+uw1inIHVPQoaVuHzRyXd21icM+cnt4CzD5rW+NC1wjOUSTOs+Te7FOv7AhN7vS9x/oIyhLP5PR1H+phQAHu5Q==",
      "dependencies": {
        "once": "^1.4.0"
      }
    },
    "node_modules/engine.io-client": {
      "version": "6.5.2",
      "resolved": "https://registry.npmjs.org/engine.io-client/-/engine.io-client-6.5.2.tgz",
      "integrity": "sha512-CQZqbrpEYnrpGqC07a9dJDz4gePZUgTPMU3NKJPSeQOyw27Tst4Pl3FemKoFGAlHzgZmKjoRmiJvbWfhCXUlIg==",
      "dependencies": {
        "@socket.io/component-emitter": "~3.1.0",
        "debug": "~4.3.1",
        "engine.io-parser": "~5.2.1",
        "ws": "~8.11.0",
        "xmlhttprequest-ssl": "~2.0.0"
      }
    },
    "node_modules/engine.io-parser": {
      "version": "5.2.1",
      "resolved": "https://registry.npmjs.org/engine.io-parser/-/engine.io-parser-5.2.1.tgz",
      "integrity": "sha512-9JktcM3u18nU9N2Lz3bWeBgxVgOKpw7yhRaoxQA3FUDZzzw+9WlA6p4G4u0RixNkg14fH7EfEc/RhpurtiROTQ==",
      "engines": {
        "node": ">=10.0.0"
      }
    },
    "node_modules/eth-rpc-errors": {
      "version": "4.0.3",
      "resolved": "https://registry.npmjs.org/eth-rpc-errors/-/eth-rpc-errors-4.0.3.tgz",
      "integrity": "sha512-Z3ymjopaoft7JDoxZcEb3pwdGh7yiYMhOwm2doUt6ASXlMavpNlK6Cre0+IMl2VSGyEU9rkiperQhp5iRxn5Pg==",
      "dependencies": {
        "fast-safe-stringify": "^2.0.6"
      }
    },
    "node_modules/ethereum-cryptography": {
      "version": "2.1.2",
      "resolved": "https://registry.npmjs.org/ethereum-cryptography/-/ethereum-cryptography-2.1.2.tgz",
      "integrity": "sha512-Z5Ba0T0ImZ8fqXrJbpHcbpAvIswRte2wGNR/KePnu8GbbvgJ47lMxT/ZZPG6i9Jaht4azPDop4HaM00J0J59ug==",
      "dependencies": {
        "@noble/curves": "1.1.0",
        "@noble/hashes": "1.3.1",
        "@scure/bip32": "1.3.1",
        "@scure/bip39": "1.2.1"
      }
    },
    "node_modules/event-target-shim": {
      "version": "5.0.1",
      "resolved": "https://registry.npmjs.org/event-target-shim/-/event-target-shim-5.0.1.tgz",
      "integrity": "sha512-i/2XbnSz/uxRCU6+NdVJgKWDTM427+MqYbkQzD321DuCQJUqOuJKIA0IM2+W2xtYHdKOmZ4dR6fExsd4SXL+WQ==",
      "engines": {
        "node": ">=6"
      }
    },
    "node_modules/events": {
      "version": "3.3.0",
      "resolved": "https://registry.npmjs.org/events/-/events-3.3.0.tgz",
      "integrity": "sha512-mQw+2fkQbALzQ7V0MY0IqdnXNOeTtP4r0lN9z7AAawCXgqea7bDii20AYrIBrFd/Hx0M2Ocz6S111CaFkUcb0Q==",
      "engines": {
        "node": ">=0.8.x"
      }
    },
    "node_modules/fast-safe-stringify": {
      "version": "2.1.1",
      "resolved": "https://registry.npmjs.org/fast-safe-stringify/-/fast-safe-stringify-2.1.1.tgz",
      "integrity": "sha512-W+KJc2dmILlPplD/H4K9l9LcAHAfPtP6BY84uVLXQ6Evcz9Lcg33Y2z1IVblT6xdY54PXYVHEv+0Wpq8Io6zkA=="
    },
    "node_modules/hash.js": {
      "version": "1.1.7",
      "resolved": "https://registry.npmjs.org/hash.js/-/hash.js-1.1.7.tgz",
      "integrity": "sha512-taOaskGt4z4SOANNseOviYDvjEJinIkRgmp7LbKP2YTTmVxWBl87s/uzK9r+44BclBSp2X7K1hqeNfz9JbBeXA==",
      "dependencies": {
        "inherits": "^2.0.3",
        "minimalistic-assert": "^1.0.1"
      }
    },
    "node_modules/hmac-drbg": {
      "version": "1.0.1",
      "resolved": "https://registry.npmjs.org/hmac-drbg/-/hmac-drbg-1.0.1.tgz",
      "integrity": "sha512-Tti3gMqLdZfhOQY1Mzf/AanLiqh1WTiJgEj26ZuYQ9fbkLomzGchCws4FyrSd4VkpBfiNhaE1On+lOz894jvXg==",
      "dependencies": {
        "hash.js": "^1.0.3",
        "minimalistic-assert": "^1.0.0",
        "minimalistic-crypto-utils": "^1.0.1"
      }
    },
    "node_modules/ieee754": {
      "version": "1.2.1",
      "resolved": "https://registry.npmjs.org/ieee754/-/ieee754-1.2.1.tgz",
      "integrity": "sha512-dcyqhDvX1C46lXZcVqCpK+FtMRQVdIMN6/Df5js2zouUsqG7I6sFxitIC+7KYK29KdXOLHdu9zL4sFnoVQnqaA==",
      "funding": [
        {
          "type": "github",
          "url": "https://github.com/sponsors/feross"
        },
        {
          "type": "patreon",
          "url": "https://www.patreon.com/feross"
        },
        {
          "type": "consulting",
          "url": "https://feross.org/support"
        }
      ]
    },
    "node_modules/inherits": {
      "version": "2.0.4",
      "resolved": "https://registry.npmjs.org/inherits/-/inherits-2.0.4.tgz",
      "integrity": "sha512-k/vGaX4/Yla3WzyMCvTQOXYeIHvqOKtnqBduzTHpzpQZzAskKMhZ2K+EnBiSM9zGSoIFeMpXKxa4dYeZIQqewQ=="
    },
    "node_modules/json-rpc-random-id": {
      "version": "1.0.1",
      "resolved": "https://registry.npmjs.org/json-rpc-random-id/-/json-rpc-random-id-1.0.1.tgz",
      "integrity": "sha512-RJ9YYNCkhVDBuP4zN5BBtYAzEl03yq/jIIsyif0JY9qyJuQQZNeDK7anAPKKlyEtLSj2s8h6hNh2F8zO5q7ScA=="
    },
    "node_modules/json-stable-stringify": {
      "version": "1.0.2",
      "resolved": "https://registry.npmjs.org/json-stable-stringify/-/json-stable-stringify-1.0.2.tgz",
      "integrity": "sha512-eunSSaEnxV12z+Z73y/j5N37/In40GK4GmsSy+tEHJMxknvqnA7/djeYtAgW0GsWHUfg+847WJjKaEylk2y09g==",
      "dependencies": {
        "jsonify": "^0.0.1"
      },
      "funding": {
        "url": "https://github.com/sponsors/ljharb"
      }
    },
    "node_modules/jsonify": {
      "version": "0.0.1",
      "resolved": "https://registry.npmjs.org/jsonify/-/jsonify-0.0.1.tgz",
      "integrity": "sha512-2/Ki0GcmuqSrgFyelQq9M05y7PS0mEwuIzrf3f1fPqkVDVRvZrPZtVSMHxdgo8Aq0sxAOb/cr2aqqA3LeWHVPg==",
      "funding": {
        "url": "https://github.com/sponsors/ljharb"
      }
    },
    "node_modules/jwt-decode": {
      "version": "3.1.2",
      "resolved": "https://registry.npmjs.org/jwt-decode/-/jwt-decode-3.1.2.tgz",
      "integrity": "sha512-UfpWE/VZn0iP50d8cz9NrZLM9lSWhcJ+0Gt/nm4by88UL+J1SiKN8/5dkjMmbEzwL2CAe+67GsegCbIKtbp75A=="
    },
    "node_modules/lodash": {
      "version": "4.17.21",
      "resolved": "https://registry.npmjs.org/lodash/-/lodash-4.17.21.tgz",
      "integrity": "sha512-v2kDEe57lecTulaDIuNTPy3Ry4gLGJ6Z1O3vE1krgXZNrsQ+LFTGHVxVjcXPs17LhbZVGedAJv8XZ1tvj5FvSg=="
    },
    "node_modules/lodash.merge": {
      "version": "4.6.2",
      "resolved": "https://registry.npmjs.org/lodash.merge/-/lodash.merge-4.6.2.tgz",
      "integrity": "sha512-0KpjqXRVvrYyCsX1swR/XTK0va6VQkQM6MNo7PqW77ByjAhoARA8EfrP1N4+KlKj8YS0ZUCtRT/YUuhyYDujIQ=="
    },
    "node_modules/loglevel": {
      "version": "1.8.1",
      "resolved": "https://registry.npmjs.org/loglevel/-/loglevel-1.8.1.tgz",
      "integrity": "sha512-tCRIJM51SHjAayKwC+QAg8hT8vg6z7GSgLJKGvzuPb1Wc+hLzqtuVLxp6/HzSPOozuK+8ErAhy7U/sVzw8Dgfg==",
      "engines": {
        "node": ">= 0.6.0"
      },
      "funding": {
        "type": "tidelift",
        "url": "https://tidelift.com/funding/github/npm/loglevel"
      }
    },
    "node_modules/lru-cache": {
      "version": "6.0.0",
      "resolved": "https://registry.npmjs.org/lru-cache/-/lru-cache-6.0.0.tgz",
      "integrity": "sha512-Jo6dJ04CmSjuznwJSS3pUeWmd/H0ffTlkXXgwZi+eq1UCmqQwCh+eLsYOYCwY991i2Fah4h1BEMCx4qThGbsiA==",
      "dependencies": {
        "yallist": "^4.0.0"
      },
      "engines": {
        "node": ">=10"
      }
    },
    "node_modules/micro-ftch": {
      "version": "0.3.1",
      "resolved": "https://registry.npmjs.org/micro-ftch/-/micro-ftch-0.3.1.tgz",
      "integrity": "sha512-/0LLxhzP0tfiR5hcQebtudP56gUurs2CLkGarnCiB/OqEyUFQ6U3paQi/tgLv0hBJYt2rnr9MNpxz4fiiugstg=="
    },
    "node_modules/minimalistic-assert": {
      "version": "1.0.1",
      "resolved": "https://registry.npmjs.org/minimalistic-assert/-/minimalistic-assert-1.0.1.tgz",
      "integrity": "sha512-UtJcAD4yEaGtjPezWuO9wC4nwUnVH/8/Im3yEHQP4b67cXlD/Qr9hdITCU1xDbSEXg2XKNaP8jsReV7vQd00/A=="
    },
    "node_modules/minimalistic-crypto-utils": {
      "version": "1.0.1",
      "resolved": "https://registry.npmjs.org/minimalistic-crypto-utils/-/minimalistic-crypto-utils-1.0.1.tgz",
      "integrity": "sha512-JIYlbt6g8i5jKfJ3xz7rF0LXmv2TkDxBLUkiBeZ7bAx4GnnNMr8xFpGnOxn6GhTEHx3SjRrZEoU+j04prX1ktg=="
    },
    "node_modules/ms": {
      "version": "2.1.2",
      "resolved": "https://registry.npmjs.org/ms/-/ms-2.1.2.tgz",
      "integrity": "sha512-sGkPx+VjMtmA6MX27oA4FBFELFCZZ4S4XqeGOXCv68tT+jb3vk/RyaKWP0PTKyWtmLSM0b+adUTEvbs1PEaH2w=="
    },
    "node_modules/node-fetch": {
      "version": "2.7.0",
      "resolved": "https://registry.npmjs.org/node-fetch/-/node-fetch-2.7.0.tgz",
      "integrity": "sha512-c4FRfUm/dbcWZ7U+1Wq0AwCyFL+3nt2bEw05wfxSz+DWpWsitgmSgYmy2dQdWyKC1694ELPqMs/YzUSNozLt8A==",
      "dependencies": {
        "whatwg-url": "^5.0.0"
      },
      "engines": {
        "node": "4.x || >=6.0.0"
      },
      "peerDependencies": {
        "encoding": "^0.1.0"
      },
      "peerDependenciesMeta": {
        "encoding": {
          "optional": true
        }
      }
    },
    "node_modules/oblivious-set": {
      "version": "1.1.1",
      "resolved": "https://registry.npmjs.org/oblivious-set/-/oblivious-set-1.1.1.tgz",
      "integrity": "sha512-Oh+8fK09mgGmAshFdH6hSVco6KZmd1tTwNFWj35OvzdmJTMZtAkbn05zar2iG3v6sDs1JLEtOiBGNb6BHwkb2w=="
    },
    "node_modules/once": {
      "version": "1.4.0",
      "resolved": "https://registry.npmjs.org/once/-/once-1.4.0.tgz",
      "integrity": "sha512-lNaJgI+2Q5URQBkccEKHTQOPaXdUxnZZElQTZY0MFUAuaEqe1E+Nyvgdz/aIyNi6Z9MzO5dv1H8n58/GELp3+w==",
      "dependencies": {
        "wrappy": "1"
      }
    },
    "node_modules/process": {
      "version": "0.11.10",
      "resolved": "https://registry.npmjs.org/process/-/process-0.11.10.tgz",
      "integrity": "sha512-cdGef/drWFoydD1JsMzuFf8100nZl+GT+yacc2bEced5f9Rjk4z+WtFUTBu9PhOi9j/jfmBPu0mMEY4wIdAF8A==",
      "engines": {
        "node": ">= 0.6.0"
      }
    },
    "node_modules/pump": {
      "version": "3.0.0",
      "resolved": "https://registry.npmjs.org/pump/-/pump-3.0.0.tgz",
      "integrity": "sha512-LwZy+p3SFs1Pytd/jYct4wpv49HiYCqd9Rlc5ZVdk0V+8Yzv6jR5Blk3TRmPL1ft69TxP0IMZGJ+WPFU2BFhww==",
      "dependencies": {
        "end-of-stream": "^1.1.0",
        "once": "^1.3.1"
      }
    },
    "node_modules/readable-stream": {
      "version": "4.4.2",
      "resolved": "https://registry.npmjs.org/readable-stream/-/readable-stream-4.4.2.tgz",
      "integrity": "sha512-Lk/fICSyIhodxy1IDK2HazkeGjSmezAWX2egdtJnYhtzKEsBPJowlI6F6LPb5tqIQILrMbx22S5o3GuJavPusA==",
      "dependencies": {
        "abort-controller": "^3.0.0",
        "buffer": "^6.0.3",
        "events": "^3.3.0",
        "process": "^0.11.10",
        "string_decoder": "^1.3.0"
      },
      "engines": {
        "node": "^12.22.0 || ^14.17.0 || >=16.0.0"
      }
    },
    "node_modules/regenerator-runtime": {
      "version": "0.14.0",
      "resolved": "https://registry.npmjs.org/regenerator-runtime/-/regenerator-runtime-0.14.0.tgz",
      "integrity": "sha512-srw17NI0TUWHuGa5CFGGmhfNIeja30WMBfbslPNhf6JrqQlLN5gcrvig1oqPxiVaXb0oW0XRKtH6Nngs5lKCIA=="
    },
    "node_modules/safe-buffer": {
      "version": "5.2.1",
      "resolved": "https://registry.npmjs.org/safe-buffer/-/safe-buffer-5.2.1.tgz",
      "integrity": "sha512-rp3So07KcdmmKbGvgaNxQSJr7bGVSVk5S9Eq1F+ppbRo70+YeaDxkw5Dd8NPN+GD6bjnYm2VuPuCXmpuYvmCXQ==",
      "funding": [
        {
          "type": "github",
          "url": "https://github.com/sponsors/feross"
        },
        {
          "type": "patreon",
          "url": "https://www.patreon.com/feross"
        },
        {
          "type": "consulting",
          "url": "https://feross.org/support"
        }
      ]
    },
    "node_modules/semver": {
      "version": "7.5.4",
      "resolved": "https://registry.npmjs.org/semver/-/semver-7.5.4.tgz",
      "integrity": "sha512-1bCSESV6Pv+i21Hvpxp3Dx+pSD8lIPt8uVjRrxAUt/nbswYc+tK6Y2btiULjd4+fnq15PX+nqQDC7Oft7WkwcA==",
      "dependencies": {
        "lru-cache": "^6.0.0"
      },
      "bin": {
        "semver": "bin/semver.js"
      },
      "engines": {
        "node": ">=10"
      }
    },
    "node_modules/socket.io-client": {
      "version": "4.7.2",
      "resolved": "https://registry.npmjs.org/socket.io-client/-/socket.io-client-4.7.2.tgz",
      "integrity": "sha512-vtA0uD4ibrYD793SOIAwlo8cj6haOeMHrGvwPxJsxH7CeIksqJ+3Zc06RvWTIFgiSqx4A3sOnTXpfAEE2Zyz6w==",
      "dependencies": {
        "@socket.io/component-emitter": "~3.1.0",
        "debug": "~4.3.2",
        "engine.io-client": "~6.5.2",
        "socket.io-parser": "~4.2.4"
      },
      "engines": {
        "node": ">=10.0.0"
      }
    },
    "node_modules/socket.io-parser": {
      "version": "4.2.4",
      "resolved": "https://registry.npmjs.org/socket.io-parser/-/socket.io-parser-4.2.4.tgz",
      "integrity": "sha512-/GbIKmo8ioc+NIWIhwdecY0ge+qVBSMdgxGygevmdHj24bsfgtCmcUUcQ5ZzcylGFHsN3k4HB4Cgkl96KVnuew==",
      "dependencies": {
        "@socket.io/component-emitter": "~3.1.0",
        "debug": "~4.3.1"
      },
      "engines": {
        "node": ">=10.0.0"
      }
    },
    "node_modules/string_decoder": {
      "version": "1.3.0",
      "resolved": "https://registry.npmjs.org/string_decoder/-/string_decoder-1.3.0.tgz",
      "integrity": "sha512-hkRX8U1WjJFd8LsDJ2yQ/wWWxaopEsABU1XfkM8A+j0+85JAGppt16cr1Whg6KIbb4okU6Mql6BOj+uup/wKeA==",
      "dependencies": {
        "safe-buffer": "~5.2.0"
      }
    },
    "node_modules/superstruct": {
      "version": "1.0.3",
      "resolved": "https://registry.npmjs.org/superstruct/-/superstruct-1.0.3.tgz",
      "integrity": "sha512-8iTn3oSS8nRGn+C2pgXSKPI3jmpm6FExNazNpjvqS6ZUJQCej3PUXEKM8NjHBOs54ExM+LPW/FBRhymrdcCiSg==",
      "engines": {
        "node": ">=14.0.0"
      }
    },
    "node_modules/tr46": {
      "version": "0.0.3",
      "resolved": "https://registry.npmjs.org/tr46/-/tr46-0.0.3.tgz",
      "integrity": "sha512-N3WMsuqV66lT30CrXNbEjx4GEwlow3v6rr4mCcv6prnfwhS01rkgyFdjPNBYd9br7LpXV1+Emh01fHnq2Gdgrw=="
    },
    "node_modules/ts-custom-error": {
      "version": "3.3.1",
      "resolved": "https://registry.npmjs.org/ts-custom-error/-/ts-custom-error-3.3.1.tgz",
      "integrity": "sha512-5OX1tzOjxWEgsr/YEUWSuPrQ00deKLh6D7OTWcvNHm12/7QPyRh8SYpyWvA4IZv8H/+GQWQEh/kwo95Q9OVW1A==",
      "engines": {
        "node": ">=14.0.0"
      }
    },
    "node_modules/tslib": {
      "version": "2.6.2",
      "resolved": "https://registry.npmjs.org/tslib/-/tslib-2.6.2.tgz",
      "integrity": "sha512-AEYxH93jGFPn/a2iVAwW87VuUIkR1FVUKB77NwMF7nBTDkDrrT/Hpt/IrCJ0QXhW27jTBDcf5ZY7w6RiqTMw2Q=="
    },
    "node_modules/unload": {
      "version": "2.4.1",
      "resolved": "https://registry.npmjs.org/unload/-/unload-2.4.1.tgz",
      "integrity": "sha512-IViSAm8Z3sRBYA+9wc0fLQmU9Nrxb16rcDmIiR6Y9LJSZzI7QY5QsDhqPpKOjAn0O9/kfK1TfNEMMAGPTIraPw==",
      "funding": {
        "url": "https://github.com/sponsors/pubkey"
      }
    },
    "node_modules/webidl-conversions": {
      "version": "3.0.1",
      "resolved": "https://registry.npmjs.org/webidl-conversions/-/webidl-conversions-3.0.1.tgz",
      "integrity": "sha512-2JAn3z8AR6rjK8Sm8orRC0h/bcl/DqL7tRPdGZ4I1CjdF+EaMLmYxBHyXuKL849eucPFhvBoxMsflfOb8kxaeQ=="
    },
    "node_modules/whatwg-url": {
      "version": "5.0.0",
      "resolved": "https://registry.npmjs.org/whatwg-url/-/whatwg-url-5.0.0.tgz",
      "integrity": "sha512-saE57nupxk6v3HY35+jzBwYa0rKSy0XR8JSxZPwgLr7ys0IBzhGviA1/TUGJLmSVqs8pb9AnvICXEuOHLprYTw==",
      "dependencies": {
        "tr46": "~0.0.3",
        "webidl-conversions": "^3.0.0"
      }
    },
    "node_modules/wrappy": {
      "version": "1.0.2",
      "resolved": "https://registry.npmjs.org/wrappy/-/wrappy-1.0.2.tgz",
      "integrity": "sha512-l4Sp/DRseor9wL6EvV2+TuQn63dMkPjZ/sp9XkghTEbV9KlPS1xUsZ3u7/IQO4wxtcFB4bgpQPRcR3QCvezPcQ=="
    },
    "node_modules/ws": {
      "version": "8.11.0",
      "resolved": "https://registry.npmjs.org/ws/-/ws-8.11.0.tgz",
      "integrity": "sha512-HPG3wQd9sNQoT9xHyNCXoDUa+Xw/VevmY9FoHyQ+g+rrMn4j6FB4np7Z0OhdTgjx6MgQLK7jwSy1YecU1+4Asg==",
      "engines": {
        "node": ">=10.0.0"
      },
      "peerDependencies": {
        "bufferutil": "^4.0.1",
        "utf-8-validate": "^5.0.2"
      },
      "peerDependenciesMeta": {
        "bufferutil": {
          "optional": true
        },
        "utf-8-validate": {
          "optional": true
        }
      }
    },
    "node_modules/xmlhttprequest-ssl": {
      "version": "2.0.0",
      "resolved": "https://registry.npmjs.org/xmlhttprequest-ssl/-/xmlhttprequest-ssl-2.0.0.tgz",
      "integrity": "sha512-QKxVRxiRACQcVuQEYFsI1hhkrMlrXHPegbbd1yn9UHOmRxY+si12nQYzri3vbzt8VdTTRviqcKxcyllFas5z2A==",
      "engines": {
        "node": ">=0.4.0"
      }
    },
    "node_modules/yallist": {
      "version": "4.0.0",
      "resolved": "https://registry.npmjs.org/yallist/-/yallist-4.0.0.tgz",
      "integrity": "sha512-3wdGidZyq5PB084XLES5TpOSRA3wjXAlIWMhum2kRcv/41Sn2emQ0dycQW4uZXLejwKvg6EsvbdlVL+FYEct7A=="
    }
  }
}
