{
  "originHash" : "a1509d2a856212180557fe4f56258427a69e92170ff9076780949a6bad766059",
  "pins" : [
    {
      "identity" : "bigint",
      "kind" : "remoteSourceControl",
      "location" : "https://github.com/attaswift/BigInt.git",
      "state" : {
        "revision" : "0ed110f7555c34ff468e72e1686e59721f2b0da6",
        "version" : "5.3.0"
      }
    },
    {
      "identity" : "curvelib.swift",
      "kind" : "remoteSourceControl",
      "location" : "https://github.com/tkey/curvelib.swift",
      "state" : {
        "revision" : "9f88bd5e56d1df443a908f7a7e81ae4f4d9170ea",
        "version" : "1.0.1"
      }
    },
    {
      "identity" : "customauth-swift-sdk",
      "kind" : "remoteSourceControl",
      "location" : "https://github.com/torusresearch/customauth-swift-sdk",
      "state" : {
        "branch" : "features_update",
        "revision" : "576139ce446e397bce4f2b68b9b7d28ab5b0082f"
      }
    },
    {
      "identity" : "fetch-node-details-swift",
      "kind" : "remoteSourceControl",
      "location" : "https://github.com/torusresearch/fetch-node-details-swift.git",
      "state" : {
        "revision" : "4bd96c33ba8d02d9e27190c5c7cedf09cfdfd656",
        "version" : "6.0.3"
      }
    },
    {
      "identity" : "jwtdecode.swift",
      "kind" : "remoteSourceControl",
      "location" : "https://github.com/auth0/JWTDecode.swift.git",
      "state" : {
        "revision" : "58af7278797871e460d79496621b3e5366b865b2",
        "version" : "3.1.0"
      }
    },
    {
      "identity" : "keychain-swift",
      "kind" : "remoteSourceControl",
      "location" : "https://github.com/evgenyneu/keychain-swift.git",
      "state" : {
        "revision" : "d108a1fa6189e661f91560548ef48651ed8d93b9",
        "version" : "20.0.0"
      }
    },
    {
      "identity" : "mpc-core-kit-swift",
      "kind" : "remoteSourceControl",
      "location" : "https://github.com/tkey/mpc-core-kit-swift",
      "state" : {
        "branch" : "update_dependencies",
        "revision" : "ac05a42d98d26ee4a24ade9e3bd3f483eb844743"
      }
    },
    {
      "identity" : "session-manager-swift",
      "kind" : "remoteSourceControl",
      "location" : "https://github.com/Web3Auth/session-manager-swift.git",
      "state" : {
        "revision" : "20cc7bff065d7fe53164d17e7714a3f17d4cea2a",
        "version" : "4.0.2"
      }
    },
    {
      "identity" : "single-factor-auth-swift",
      "kind" : "remoteSourceControl",
      "location" : "https://github.com/Web3Auth/single-factor-auth-swift",
      "state" : {
        "branch" : "7.0.0",
        "revision" : "d9a8fd7885e37e74e61010f8fb240cbbafd1e577"
      }
    },
    {
      "identity" : "socket.io-client-swift",
      "kind" : "remoteSourceControl",
      "location" : "https://github.com/socketio/socket.io-client-swift",
      "state" : {
        "revision" : "175da8b5156f6b132436f0676cc84c2f6a766b6e",
        "version" : "16.1.0"
      }
    },
    {
      "identity" : "starscream",
      "kind" : "remoteSourceControl",
      "location" : "https://github.com/daltoniam/Starscream",
      "state" : {
        "revision" : "ac6c0fc9da221873e01bd1a0d4818498a71eef33",
        "version" : "4.0.6"
      }
    },
    {
      "identity" : "tkey-mpc-swift",
      "kind" : "remoteSourceControl",
      "location" : "https://github.com/tkey/tkey-mpc-swift",
      "state" : {
        "branch" : "update_features",
        "revision" : "00ed189447df83681092aabd5c64e65671ccd0d1"
      }
    },
    {
      "identity" : "torus-utils-swift",
      "kind" : "remoteSourceControl",
      "location" : "https://github.com/torusresearch/torus-utils-swift.git",
      "state" : {
        "revision" : "23083bf8196d1f78c05b085ba8347f94734b1a16",
        "version" : "9.0.1"
      }
    },
    {
      "identity" : "tss-client-swift",
      "kind" : "remoteSourceControl",
      "location" : "https://github.com/torusresearch/tss-client-swift.git",
      "state" : {
        "revision" : "40246d5e3ff1d2c97d41846576f7a81d58858981",
        "version" : "4.0.0"
      }
    }
  ],
  "version" : 3
}
